hash: 6b4cd9b232b47ccc3ad977a5c08fb83ed709f116dde3e90c63f762342bdba1fe
updated: 2017-10-16T11:47:04.94143481-02:00
imports:
- name: github.com/apache/thrift
  version: 8b8a8efea13d1c97f856053af0a5c0e6a8a76354
  subpackages:
  - lib/go/thrift
- name: github.com/coreos/etcd
  version: b989e1992fb1186c7a6a5ea9291fae888a3d7971
  subpackages:
  - client
  - pkg/pathutil
  - pkg/srv
  - pkg/types
  - version
- name: github.com/coreos/go-semver
  version: 8ab6407b697782a06568d4b7f1db25550ec2e4c6
  subpackages:
  - semver
- name: github.com/davecgh/go-spew
  version: ecdeabc65495df2dec95d7c4a4c3e021903035e5
  subpackages:
  - spew
- name: github.com/eapache/go-resiliency
  version: b1fe83b5b03f624450823b751b662259ffc6af70
  subpackages:
  - breaker
- name: github.com/eapache/go-xerial-snappy
  version: bb955e01b9346ac19dc29eb16586c90ded99a98c
- name: github.com/eapache/queue
  version: 44cc805cf13205b55f69e14bcb69867d1ae92f98
- name: github.com/go-logfmt/logfmt
  version: 390ab7935ee28ec6b286364bba9b4dd6410cb3d5
- name: github.com/gogo/protobuf
  version: 0c5dcd73e6fd1ac6c452a68ec7f8d463d111be66
  subpackages:
  - proto
- name: github.com/golang/protobuf
  version: 5a0f697c9ed9d68fef0116532c6e05cfeae00e55
  subpackages:
  - jsonpb
  - proto
  - protoc-gen-go/descriptor
  - ptypes
  - ptypes/any
  - ptypes/duration
  - ptypes/empty
  - ptypes/struct
  - ptypes/timestamp
- name: github.com/golang/snappy
  version: 553a641470496b2327abcac10b36396bd98e45c9
- name: github.com/grpc-ecosystem/grpc-gateway
  version: 589b126116b5fc961939b3e156c29e4d9d58222f
  subpackages:
  - runtime
  - runtime/internal
  - utilities
- name: github.com/grpc-ecosystem/grpc-opentracing
  version: 6c130eed1e297e1aa4d415a50c90d0c81c52677e
  subpackages:
  - go/otgrpc
- name: github.com/hashicorp/consul
  version: d5b945ccee2acc938acba3bfb524af71aaecbf08
  subpackages:
  - api
- name: github.com/hashicorp/go-cleanhttp
  version: 3573b8b52aa7b37b9358d966a898feb387f62437
- name: github.com/hashicorp/go-rootcerts
  version: 6bb64b370b90e7ef1fa532be9e591a81c3493e00
- name: github.com/hashicorp/serf
  version: 555c6fa2a11d1f8e08ac9964015e864a3f61e7c3
  subpackages:
  - coordinate
- name: github.com/kr/logfmt
  version: b84e30acd515aadc4b783ad4ff83aff3299bdfe0
- name: github.com/lucasmbaia/go-environment
  version: 7bca66e26f46c1e6cf78426c64f4a59a1756faa1
  subpackages:
  - etcd
  - local
- name: github.com/lucasmbaia/grpc-base
  version: 416633893d75bc7f2518eb6819242d25729fd4e6
  subpackages:
  - base
  - config
  - consul
  - utils
  - zipkin
- name: github.com/mitchellh/go-homedir
  version: b8bc1bf767474819792c23f32d8286a45736f1c6
- name: github.com/opentracing-contrib/go-observer
  version: a52f2342449246d5bcc273e65cbdcfa5f7d6c63c
- name: github.com/opentracing/opentracing-go
  version: 1361b9cd60be79c4c3a7fa9841b3c132e40066a7
  subpackages:
  - ext
  - log
- name: github.com/openzipkin/zipkin-go-opentracing
  version: 9c88fa03bfdfaa5fec7cd1b40f3d10ec15c15fc6
  subpackages:
  - flag
  - thrift/gen-go/scribe
  - thrift/gen-go/zipkincore
  - types
  - wire
- name: github.com/pierrec/lz4
  version: 08c27939df1bd95e881e2c2367a749964ad1fceb
- name: github.com/pierrec/xxHash
  version: a0006b13c722f7f12368c00a3d3c2ae8a999a0c6
  subpackages:
  - xxHash32
- name: github.com/rcrowley/go-metrics
  version: 1f30fe9094a513ce4c700b9a54458bbb0c96996c
- name: github.com/Shopify/sarama
  version: 70f6a705d4a17af059acbc6946fb2bd30762acd7
- name: github.com/ugorji/go
  version: 54210f4e076c57f351166f0ed60e67d3fca57a36
  subpackages:
  - codec
- name: golang.org/x/net
  version: a04bdaca5b32abe1c069418fb7088ae607de5bd0
  subpackages:
  - context
  - http2
  - http2/hpack
  - idna
  - internal/timeseries
  - lex/httplex
  - trace
- name: golang.org/x/text
  version: b19bf474d317b857955b12035d2c5acb57ce8b01
  subpackages:
  - secure/bidirule
  - transform
  - unicode/bidi
  - unicode/norm
- name: google.golang.org/genproto
  version: f676e0f3ac6395ff1a529ae59a6670878a8371a6
  subpackages:
  - googleapis/api/annotations
  - googleapis/rpc/status
- name: google.golang.org/grpc
  version: c209cdff16049a924bef4aa5c6f7588f0b42b2fa
  subpackages:
  - balancer
  - codes
  - connectivity
  - credentials
  - grpclb/grpc_lb_v1/messages
  - grpclog
  - internal
  - keepalive
  - metadata
  - naming
  - peer
  - reflection
  - reflection/grpc_reflection_v1alpha
  - resolver
  - stats
  - status
  - tap
  - transport
testImports: []
